
Microsoft Visual Studio Solution File, Format Version 12.00
# Visual Studio Version 17
VisualStudioVersion = 17.5.002.0
MinimumVisualStudioVersion = 10.0.40219.1
Project("{9A19103F-16F7-4668-BE54-9A1E7A4F7556}") = "Exceptionless.Extension.DevOps", "Exceptionless.Extension.DevOps.csproj", "{BA977672-4B5E-4391-9CFA-7C13C2416FCC}"
EndProject
Global
	GlobalSection(SolutionConfigurationPlatforms) = preSolution
		Debug|Any CPU = Debug|Any CPU
		Release|Any CPU = Release|Any CPU
	EndGlobalSection
	GlobalSection(ProjectConfigurationPlatforms) = postSolution
		{BA977672-4B5E-4391-9CFA-7C13C2416FCC}.Debug|Any CPU.ActiveCfg = Debug|Any CPU
		{BA977672-4B5E-4391-9CFA-7C13C2416FCC}.Debug|Any CPU.Build.0 = Debug|Any CPU
		{BA977672-4B5E-4391-9CFA-7C13C2416FCC}.Release|Any CPU.ActiveCfg = Release|Any CPU
		{BA977672-4B5E-4391-9CFA-7C13C2416FCC}.Release|Any CPU.Build.0 = Release|Any CPU
	EndGlobalSection
	GlobalSection(SolutionProperties) = preSolution
		HideSolutionNode = FALSE
	EndGlobalSection
	GlobalSection(ExtensibilityGlobals) = postSolution
		SolutionGuid = {F789DAF5-08B6-4191-9721-A0F54ECB2926}
	EndGlobalSection
EndGlobal
